
Microsoft Visual Studio Solution File, Format Version 12.00
# Visual Studio Version 17
VisualStudioVersion = 17.4.33205.214
MinimumVisualStudioVersion = 10.0.40219.1
Project("{9A19103F-16F7-4668-BE54-9A1E7A4F7556}") = "Fof", "src\Fof.csproj", "{17509756-4CDE-4703-A309-0D373EB2CF95}"
EndProject
Global
	GlobalSection(SolutionConfigurationPlatforms) = preSolution
		Debug|Any CPU = Debug|Any CPU
		Release|Any CPU = Release|Any CPU
	EndGlobalSection
	GlobalSection(ProjectConfigurationPlatforms) = postSolution
		{17509756-4CDE-4703-A309-0D373EB2CF95}.Debug|Any CPU.ActiveCfg = Debug|Any CPU
		{17509756-4CDE-4703-A309-0D373EB2CF95}.Debug|Any CPU.Build.0 = Debug|Any CPU
		{17509756-4CDE-4703-A309-0D373EB2CF95}.Release|Any CPU.ActiveCfg = Release|Any CPU
		{17509756-4CDE-4703-A309-0D373EB2CF95}.Release|Any CPU.Build.0 = Release|Any CPU
	EndGlobalSection
	GlobalSection(SolutionProperties) = preSolution
		HideSolutionNode = FALSE
	EndGlobalSection
	GlobalSection(ExtensibilityGlobals) = postSolution
		SolutionGuid = {8B13F3C2-CECA-4727-93EB-7604130643B2}
	EndGlobalSection
EndGlobal
